
Microsoft Visual Studio Solution File, Format Version 12.00
# Visual Studio 14
VisualStudioVersion = 14.0.23107.0
MinimumVisualStudioVersion = 10.0.40219.1
Project("{FAE04EC0-301F-11D3-BF4B-00C04F79EFBC}") = "CS478-RelayEngine", "CS478-RelayEngine\CS478-RelayEngine.csproj", "{9BEB00B2-4DE3-45B1-B972-884312F75B60}"
EndProject
Global
	GlobalSection(SolutionConfigurationPlatforms) = preSolution
		Debug|Any CPU = Debug|Any CPU
		Release|Any CPU = Release|Any CPU
	EndGlobalSection
	GlobalSection(ProjectConfigurationPlatforms) = postSolution
		{9BEB00B2-4DE3-45B1-B972-884312F75B60}.Debug|Any CPU.ActiveCfg = Debug|Any CPU
		{9BEB00B2-4DE3-45B1-B972-884312F75B60}.Debug|Any CPU.Build.0 = Debug|Any CPU
		{9BEB00B2-4DE3-45B1-B972-884312F75B60}.Release|Any CPU.ActiveCfg = Release|Any CPU
		{9BEB00B2-4DE3-45B1-B972-884312F75B60}.Release|Any CPU.Build.0 = Release|Any CPU
	EndGlobalSection
	GlobalSection(SolutionProperties) = preSolution
		HideSolutionNode = FALSE
	EndGlobalSection
EndGlobal
